
Microsoft Visual Studio Solution File, Format Version 12.00
# Visual Studio Version 16
VisualStudioVersion = 25.0.1706.2
MinimumVisualStudioVersion = 10.0.40219.1
Project("{FAE04EC0-301F-11D3-BF4B-00C04F79EFBC}") = "ChartPOC", "ChartPOC\ChartPOC.csproj", "{51D7F322-72D6-40E2-AD59-500CED862198}"
EndProject
Global
	GlobalSection(SolutionConfigurationPlatforms) = preSolution
		Debug|Any CPU = Debug|Any CPU
		Release|Any CPU = Release|Any CPU
	EndGlobalSection
	GlobalSection(ProjectConfigurationPlatforms) = postSolution
		{51D7F322-72D6-40E2-AD59-500CED862198}.Debug|Any CPU.ActiveCfg = Debug|Any CPU
		{51D7F322-72D6-40E2-AD59-500CED862198}.Debug|Any CPU.Build.0 = Debug|Any CPU
		{51D7F322-72D6-40E2-AD59-500CED862198}.Release|Any CPU.ActiveCfg = Release|Any CPU
		{51D7F322-72D6-40E2-AD59-500CED862198}.Release|Any CPU.Build.0 = Release|Any CPU
	EndGlobalSection
	GlobalSection(SolutionProperties) = preSolution
		HideSolutionNode = FALSE
	EndGlobalSection
	GlobalSection(ExtensibilityGlobals) = postSolution
		SolutionGuid = {FC56FDF3-045C-4211-B2C6-90B7B9992271}
	EndGlobalSection
EndGlobal
